
Microsoft Visual Studio Solution File, Format Version 12.00
# Visual Studio Version 17
VisualStudioVersion = 17.0.31903.59
MinimumVisualStudioVersion = 10.0.40219.1
Project("{FAE04EC0-301F-11D3-BF4B-00C04F79EFBC}") = "SolveCheckerBoardWithKeyProblem", "SolveCheckerBoardWithKeyProblem\SolveCheckerBoardWithKeyProblem.csproj", "{A643DB6F-0F94-411E-A62F-CD4816BF705E}"
EndProject
Global
	GlobalSection(SolutionConfigurationPlatforms) = preSolution
		Debug|Any CPU = Debug|Any CPU
		Release|Any CPU = Release|Any CPU
	EndGlobalSection
	GlobalSection(SolutionProperties) = preSolution
		HideSolutionNode = FALSE
	EndGlobalSection
	GlobalSection(ProjectConfigurationPlatforms) = postSolution
		{A643DB6F-0F94-411E-A62F-CD4816BF705E}.Debug|Any CPU.ActiveCfg = Debug|Any CPU
		{A643DB6F-0F94-411E-A62F-CD4816BF705E}.Debug|Any CPU.Build.0 = Debug|Any CPU
		{A643DB6F-0F94-411E-A62F-CD4816BF705E}.Release|Any CPU.ActiveCfg = Release|Any CPU
		{A643DB6F-0F94-411E-A62F-CD4816BF705E}.Release|Any CPU.Build.0 = Release|Any CPU
	EndGlobalSection
EndGlobal
